
Microsoft Visual Studio Solution File, Format Version 12.00
# Visual Studio Version 17
VisualStudioVersion = 17.5.33516.290
MinimumVisualStudioVersion = 10.0.40219.1
Project("{FAE04EC0-301F-11D3-BF4B-00C04F79EFBC}") = "Library", "Library\Library.csproj", "{F78C8B76-454D-44BA-9871-9AB51EB5D8DD}"
EndProject
Global
	GlobalSection(SolutionConfigurationPlatforms) = preSolution
		Debug|Any CPU = Debug|Any CPU
		Release|Any CPU = Release|Any CPU
	EndGlobalSection
	GlobalSection(ProjectConfigurationPlatforms) = postSolution
		{F78C8B76-454D-44BA-9871-9AB51EB5D8DD}.Debug|Any CPU.ActiveCfg = Debug|Any CPU
		{F78C8B76-454D-44BA-9871-9AB51EB5D8DD}.Debug|Any CPU.Build.0 = Debug|Any CPU
		{F78C8B76-454D-44BA-9871-9AB51EB5D8DD}.Release|Any CPU.ActiveCfg = Release|Any CPU
		{F78C8B76-454D-44BA-9871-9AB51EB5D8DD}.Release|Any CPU.Build.0 = Release|Any CPU
	EndGlobalSection
	GlobalSection(SolutionProperties) = preSolution
		HideSolutionNode = FALSE
	EndGlobalSection
	GlobalSection(ExtensibilityGlobals) = postSolution
		SolutionGuid = {16C17F6B-E242-4849-83C1-D9E345EF5E63}
	EndGlobalSection
EndGlobal
